// !$*UTF8*$!
{
	archiveVersion = 1;
	classes = {
	};
	objectVersion = 46;
	objects = {

/* Begin PBXBuildFile section */
		9B8061C01E3185E6000F2C03 /* AppDelegate.swift in Sources */ = {isa = PBXBuildFile; fileRef = 9B8061BF1E3185E6000F2C03 /* AppDelegate.swift */; };
		9B8061C21E3185E6000F2C03 /* FirstViewController.swift in Sources */ = {isa = PBXBuildFile; fileRef = 9B8061C11E3185E6000F2C03 /* FirstViewController.swift */; };
		9B8061C41E3185E6000F2C03 /* SecondViewController.swift in Sources */ = {isa = PBXBuildFile; fileRef = 9B8061C31E3185E6000F2C03 /* SecondViewController.swift */; };
		9B8061C71E3185E6000F2C03 /* Main.storyboard in Resources */ = {isa = PBXBuildFile; fileRef = 9B8061C51E3185E6000F2C03 /* Main.storyboard */; };
		9B8061C91E3185E6000F2C03 /* Assets.xcassets in Resources */ = {isa = PBXBuildFile; fileRef = 9B8061C81E3185E6000F2C03 /* Assets.xcassets */; };
		9B8061CC1E3185E6000F2C03 /* LaunchScreen.storyboard in Resources */ = {isa = PBXBuildFile; fileRef = 9B8061CA1E3185E6000F2C03 /* LaunchScreen.storyboard */; };
		9B8061D71E3185E6000F2C03 /* CIExampleAppTests.swift in Sources */ = {isa = PBXBuildFile; fileRef = 9B8061D61E3185E6000F2C03 /* CIExampleAppTests.swift */; };
		9B8061E21E3185E6000F2C03 /* CIExampleAppUITests.swift in Sources */ = {isa = PBXBuildFile; fileRef = 9B8061E11E3185E6000F2C03 /* CIExampleAppUITests.swift */; };
/* End PBXBuildFile section */

/* Begin PBXContainerItemProxy section */
		9B8061D31E3185E6000F2C03 /* PBXContainerItemProxy */ = {
			isa = PBXContainerItemProxy;
			containerPortal = 9B8061B41E3185E6000F2C03 /* Project object */;
			proxyType = 1;
			remoteGlobalIDString = 9B8061BB1E3185E6000F2C03;
			remoteInfo = CIExampleApp;
		};
		9B8061DE1E3185E6000F2C03 /* PBXContainerItemProxy */ = {
			isa = PBXContainerItemProxy;
			containerPortal = 9B8061B41E3185E6000F2C03 /* Project object */;
			proxyType = 1;
			remoteGlobalIDString = 9B8061BB1E3185E6000F2C03;
			remoteInfo = CIExampleApp;
		};
/* End PBXContainerItemProxy section */

/* Begin PBXFileReference section */
		9B8061BC1E3185E6000F2C03 /* CIExampleApp.app */ = {isa = PBXFileReference; explicitFileType = wrapper.application; includeInIndex = 0; path = CIExampleApp.app; sourceTree = BUILT_PRODUCTS_DIR; };
		9B8061BF1E3185E6000F2C03 /* AppDelegate.swift */ = {isa = PBXFileReference; lastKnownFileType = sourcecode.swift; path = AppDelegate.swift; sourceTree = "<group>"; };
		9B8061C11E3185E6000F2C03 /* FirstViewController.swift */ = {isa = PBXFileReference; lastKnownFileType = sourcecode.swift; path = FirstViewController.swift; sourceTree = "<group>"; };
		9B8061C31E3185E6000F2C03 /* SecondViewController.swift */ = {isa = PBXFileReference; lastKnownFileType = sourcecode.swift; path = SecondViewController.swift; sourceTree = "<group>"; };
		9B8061C61E3185E6000F2C03 /* Base */ = {isa = PBXFileReference; lastKnownFileType = file.storyboard; name = Base; path = Base.lproj/Main.storyboard; sourceTree = "<group>"; };
		9B8061C81E3185E6000F2C03 /* Assets.xcassets */ = {isa = PBXFileReference; lastKnownFileType = folder.assetcatalog; path = Assets.xcassets; sourceTree = "<group>"; };
		9B8061CB1E3185E6000F2C03 /* Base */ = {isa = PBXFileReference; lastKnownFileType = file.storyboard; name = Base; path = Base.lproj/LaunchScreen.storyboard; sourceTree = "<group>"; };
		9B8061CD1E3185E6000F2C03 /* Info.plist */ = {isa = PBXFileReference; lastKnownFileType = text.plist.xml; path = Info.plist; sourceTree = "<group>"; };
		9B8061D21E3185E6000F2C03 /* CIExampleAppTests.xctest */ = {isa = PBXFileReference; explicitFileType = wrapper.cfbundle; includeInIndex = 0; path = CIExampleAppTests.xctest; sourceTree = BUILT_PRODUCTS_DIR; };
		9B8061D61E3185E6000F2C03 /* CIExampleAppTests.swift */ = {isa = PBXFileReference; lastKnownFileType = sourcecode.swift; path = CIExampleAppTests.swift; sourceTree = "<group>"; };
		9B8061D81E3185E6000F2C03 /* Info.plist */ = {isa = PBXFileReference; lastKnownFileType = text.plist.xml; path = Info.plist; sourceTree = "<group>"; };
		9B8061DD1E3185E6000F2C03 /* CIExampleAppUITests.xctest */ = {isa = PBXFileReference; explicitFileType = wrapper.cfbundle; includeInIndex = 0; path = CIExampleAppUITests.xctest; sourceTree = BUILT_PRODUCTS_DIR; };
		9B8061E11E3185E6000F2C03 /* CIExampleAppUITests.swift */ = {isa = PBXFileReference; lastKnownFileType = sourcecode.swift; path = CIExampleAppUITests.swift; sourceTree = "<group>"; };
		9B8061E31E3185E6000F2C03 /* Info.plist */ = {isa = PBXFileReference; lastKnownFileType = text.plist.xml; path = Info.plist; sourceTree = "<group>"; };
/* End PBXFileReference section */

/* Begin PBXFrameworksBuildPhase section */
		9B8061B91E3185E6000F2C03 /* Frameworks */ = {
			isa = PBXFrameworksBuildPhase;
			buildActionMask = 2147483647;
			files = (
			);
			runOnlyForDeploymentPostprocessing = 0;
		};
		9B8061CF1E3185E6000F2C03 /* Frameworks */ = {
			isa = PBXFrameworksBuildPhase;
			buildActionMask = 2147483647;
			files = (
			);
			runOnlyForDeploymentPostprocessing = 0;
		};
		9B8061DA1E3185E6000F2C03 /* Frameworks */ = {
			isa = PBXFrameworksBuildPhase;
			buildActionMask = 2147483647;
			files = (
			);
			runOnlyForDeploymentPostprocessing = 0;
		};
/* End PBXFrameworksBuildPhase section */

/* Begin PBXGroup section */
		9B8061B31E3185E6000F2C03 = {
			isa = PBXGroup;
			children = (
				9B8061BE1E3185E6000F2C03 /* CIExampleApp */,
				9B8061D51E3185E6000F2C03 /* CIExampleAppTests */,
				9B8061E01E3185E6000F2C03 /* CIExampleAppUITests */,
				9B8061BD1E3185E6000F2C03 /* Products */,
			);
			sourceTree = "<group>";
		};
		9B8061BD1E3185E6000F2C03 /* Products */ = {
			isa = PBXGroup;
			children = (
				9B8061BC1E3185E6000F2C03 /* CIExampleApp.app */,
				9B8061D21E3185E6000F2C03 /* CIExampleAppTests.xctest */,
				9B8061DD1E3185E6000F2C03 /* CIExampleAppUITests.xctest */,
			);
			name = Products;
			sourceTree = "<group>";
		};
		9B8061BE1E3185E6000F2C03 /* CIExampleApp */ = {
			isa = PBXGroup;
			children = (
				9B8061BF1E3185E6000F2C03 /* AppDelegate.swift */,
				9B8061C11E3185E6000F2C03 /* FirstViewController.swift */,
				9B8061C31E3185E6000F2C03 /* SecondViewController.swift */,
				9B8061C51E3185E6000F2C03 /* Main.storyboard */,
				9B8061C81E3185E6000F2C03 /* Assets.xcassets */,
				9B8061CA1E3185E6000F2C03 /* LaunchScreen.storyboard */,
				9B8061CD1E3185E6000F2C03 /* Info.plist */,
			);
			path = CIExampleApp;
			sourceTree = "<group>";
		};
		9B8061D51E3185E6000F2C03 /* CIExampleAppTests */ = {
			isa = PBXGroup;
			children = (
				9B8061D61E3185E6000F2C03 /* CIExampleAppTests.swift */,
				9B8061D81E3185E6000F2C03 /* Info.plist */,
			);
			path = CIExampleAppTests;
			sourceTree = "<group>";
		};
		9B8061E01E3185E6000F2C03 /* CIExampleAppUITests */ = {
			isa = PBXGroup;
			children = (
				9B8061E11E3185E6000F2C03 /* CIExampleAppUITests.swift */,
				9B8061E31E3185E6000F2C03 /* Info.plist */,
			);
			path = CIExampleAppUITests;
			sourceTree = "<group>";
		};
/* End PBXGroup section */

/* Begin PBXNativeTarget section */
		9B8061BB1E3185E6000F2C03 /* CIExampleApp */ = {
			isa = PBXNativeTarget;
			buildConfigurationList = 9B8061E61E3185E6000F2C03 /* Build configuration list for PBXNativeTarget "CIExampleApp" */;
			buildPhases = (
				9B8061B81E3185E6000F2C03 /* Sources */,
				9B8061B91E3185E6000F2C03 /* Frameworks */,
				9B8061BA1E3185E6000F2C03 /* Resources */,
			);
			buildRules = (
			);
			dependencies = (
			);
			name = CIExampleApp;
			productName = CIExampleApp;
			productReference = 9B8061BC1E3185E6000F2C03 /* CIExampleApp.app */;
			productType = "com.apple.product-type.application";
		};
		9B8061D11E3185E6000F2C03 /* CIExampleAppTests */ = {
			isa = PBXNativeTarget;
			buildConfigurationList = 9B8061E91E3185E6000F2C03 /* Build configuration list for PBXNativeTarget "CIExampleAppTests" */;
			buildPhases = (
				9B8061CE1E3185E6000F2C03 /* Sources */,
				9B8061CF1E3185E6000F2C03 /* Frameworks */,
				9B8061D01E3185E6000F2C03 /* Resources */,
			);
			buildRules = (
			);
			dependencies = (
				9B8061D41E3185E6000F2C03 /* PBXTargetDependency */,
			);
			name = CIExampleAppTests;
			productName = CIExampleAppTests;
			productReference = 9B8061D21E3185E6000F2C03 /* CIExampleAppTests.xctest */;
			productType = "com.apple.product-type.bundle.unit-test";
		};
		9B8061DC1E3185E6000F2C03 /* CIExampleAppUITests */ = {
			isa = PBXNativeTarget;
			buildConfigurationList = 9B8061EC1E3185E6000F2C03 /* Build configuration list for PBXNativeTarget "CIExampleAppUITests" */;
			buildPhases = (
				9B8061D91E3185E6000F2C03 /* Sources */,
				9B8061DA1E3185E6000F2C03 /* Frameworks */,
				9B8061DB1E3185E6000F2C03 /* Resources */,
			);
			buildRules = (
			);
			dependencies = (
				9B8061DF1E3185E6000F2C03 /* PBXTargetDependency */,
			);
			name = CIExampleAppUITests;
			productName = CIExampleAppUITests;
			productReference = 9B8061DD1E3185E6000F2C03 /* CIExampleAppUITests.xctest */;
			productType = "com.apple.product-type.bundle.ui-testing";
		};
/* End PBXNativeTarget section */

/* Begin PBXProject section */
		9B8061B41E3185E6000F2C03 /* Project object */ = {
			isa = PBXProject;
			attributes = {
				LastSwiftUpdateCheck = 0800;
				LastUpgradeCheck = 0800;
				ORGANIZATIONNAME = "Kiel Oleson";
				TargetAttributes = {
					9B8061BB1E3185E6000F2C03 = {
						CreatedOnToolsVersion = 8.0;
						DevelopmentTeam = U3KKNJ9R5Y;
						ProvisioningStyle = Automatic;
					};
					9B8061D11E3185E6000F2C03 = {
						CreatedOnToolsVersion = 8.0;
						DevelopmentTeam = U3KKNJ9R5Y;
						ProvisioningStyle = Automatic;
						TestTargetID = 9B8061BB1E3185E6000F2C03;
					};
					9B8061DC1E3185E6000F2C03 = {
						CreatedOnToolsVersion = 8.0;
						DevelopmentTeam = U3KKNJ9R5Y;
						ProvisioningStyle = Automatic;
						TestTargetID = 9B8061BB1E3185E6000F2C03;
					};
				};
			};
			buildConfigurationList = 9B8061B71E3185E6000F2C03 /* Build configuration list for PBXProject "CIExampleApp" */;
			compatibilityVersion = "Xcode 3.2";
			developmentRegion = English;
			hasScannedForEncodings = 0;
			knownRegions = (
				en,
				Base,
			);
			mainGroup = 9B8061B31E3185E6000F2C03;
			productRefGroup = 9B8061BD1E3185E6000F2C03 /* Products */;
			projectDirPath = "";
			projectRoot = "";
			targets = (
				9B8061BB1E3185E6000F2C03 /* CIExampleApp */,
				9B8061D11E3185E6000F2C03 /* CIExampleAppTests */,
				9B8061DC1E3185E6000F2C03 /* CIExampleAppUITests */,
			);
		};
/* End PBXProject section */

/* Begin PBXResourcesBuildPhase section */
		9B8061BA1E3185E6000F2C03 /* Resources */ = {
			isa = PBXResourcesBuildPhase;
			buildActionMask = 2147483647;
			files = (
				9B8061CC1E3185E6000F2C03 /* LaunchScreen.storyboard in Resources */,
				9B8061C91E3185E6000F2C03 /* Assets.xcassets in Resources */,
				9B8061C71E3185E6000F2C03 /* Main.storyboard in Resources */,
			);
			runOnlyForDeploymentPostprocessing = 0;
		};
		9B8061D01E3185E6000F2C03 /* Resources */ = {
			isa = PBXResourcesBuildPhase;
			buildActionMask = 2147483647;
			files = (
			);
			runOnlyForDeploymentPostprocessing = 0;
		};
		9B8061DB1E3185E6000F2C03 /* Resources */ = {
			isa = PBXResourcesBuildPhase;
			buildActionMask = 2147483647;
			files = (
			);
			runOnlyForDeploymentPostprocessing = 0;
		};
/* End PBXResourcesBuildPhase section */

/* Begin PBXSourcesBuildPhase section */
		9B8061B81E3185E6000F2C03 /* Sources */ = {
			isa = PBXSourcesBuildPhase;
			buildActionMask = 2147483647;
			files = (
				9B8061C41E3185E6000F2C03 /* SecondViewController.swift in Sources */,
				9B8061C01E3185E6000F2C03 /* AppDelegate.swift in Sources */,
				9B8061C21E3185E6000F2C03 /* FirstViewController.swift in Sources */,
			);
			runOnlyForDeploymentPostprocessing = 0;
		};
		9B8061CE1E3185E6000F2C03 /* Sources */ = {
			isa = PBXSourcesBuildPhase;
			buildActionMask = 2147483647;
			files = (
				9B8061D71E3185E6000F2C03 /* CIExampleAppTests.swift in Sources */,
			);
			runOnlyForDeploymentPostprocessing = 0;
		};
		9B8061D91E3185E6000F2C03 /* Sources */ = {
			isa = PBXSourcesBuildPhase;
			buildActionMask = 2147483647;
			files = (
				9B8061E21E3185E6000F2C03 /* CIExampleAppUITests.swift in Sources */,
			);
			runOnlyForDeploymentPostprocessing = 0;
		};
/* End PBXSourcesBuildPhase section */

/* Begin PBXTargetDependency section */
		9B8061D41E3185E6000F2C03 /* PBXTargetDependency */ = {
			isa = PBXTargetDependency;
			target = 9B8061BB1E3185E6000F2C03 /* CIExampleApp */;
			targetProxy = 9B8061D31E3185E6000F2C03 /* PBXContainerItemProxy */;
		};
		9B8061DF1E3185E6000F2C03 /* PBXTargetDependency */ = {
			isa = PBXTargetDependency;
			target = 9B8061BB1E3185E6000F2C03 /* CIExampleApp */;
			targetProxy = 9B8061DE1E3185E6000F2C03 /* PBXContainerItemProxy */;
		};
/* End PBXTargetDependency section */

/* Begin PBXVariantGroup section */
		9B8061C51E3185E6000F2C03 /* Main.storyboard */ = {
			isa = PBXVariantGroup;
			children = (
				9B8061C61E3185E6000F2C03 /* Base */,
			);
			name = Main.storyboard;
			sourceTree = "<group>";
		};
		9B8061CA1E3185E6000F2C03 /* LaunchScreen.storyboard */ = {
			isa = PBXVariantGroup;
			children = (
				9B8061CB1E3185E6000F2C03 /* Base */,
			);
			name = LaunchScreen.storyboard;
			sourceTree = "<group>";
		};
/* End PBXVariantGroup section */

/* Begin XCBuildConfiguration section */
		9B8061E41E3185E6000F2C03 /* Debug */ = {
			isa = XCBuildConfiguration;
			buildSettings = {
				ALWAYS_SEARCH_USER_PATHS = NO;
				CLANG_ANALYZER_NONNULL = YES;
				CLANG_CXX_LANGUAGE_STANDARD = "gnu++0x";
				CLANG_CXX_LIBRARY = "libc++";
				CLANG_ENABLE_MODULES = YES;
				CLANG_ENABLE_OBJC_ARC = YES;
				CLANG_WARN_BOOL_CONVERSION = YES;
				CLANG_WARN_CONSTANT_CONVERSION = YES;
				CLANG_WARN_DIRECT_OBJC_ISA_USAGE = YES_ERROR;
				CLANG_WARN_DOCUMENTATION_COMMENTS = YES;
				CLANG_WARN_EMPTY_BODY = YES;
				CLANG_WARN_ENUM_CONVERSION = YES;
				CLANG_WARN_INFINITE_RECURSION = YES;
				CLANG_WARN_INT_CONVERSION = YES;
				CLANG_WARN_OBJC_ROOT_CLASS = YES_ERROR;
				CLANG_WARN_SUSPICIOUS_MOVES = YES;
				CLANG_WARN_UNREACHABLE_CODE = YES;
				CLANG_WARN__DUPLICATE_METHOD_MATCH = YES;
				"CODE_SIGN_IDENTITY[sdk=iphoneos*]" = "iPhone Developer";
				COPY_PHASE_STRIP = NO;
				DEBUG_INFORMATION_FORMAT = dwarf;
				ENABLE_STRICT_OBJC_MSGSEND = YES;
				ENABLE_TESTABILITY = YES;
				GCC_C_LANGUAGE_STANDARD = gnu99;
				GCC_DYNAMIC_NO_PIC = NO;
				GCC_NO_COMMON_BLOCKS = YES;
				GCC_OPTIMIZATION_LEVEL = 0;
				GCC_PREPROCESSOR_DEFINITIONS = (
					"DEBUG=1",
					"$(inherited)",
				);
				GCC_WARN_64_TO_32_BIT_CONVERSION = YES;
				GCC_WARN_ABOUT_RETURN_TYPE = YES_ERROR;
				GCC_WARN_UNDECLARED_SELECTOR = YES;
				GCC_WARN_UNINITIALIZED_AUTOS = YES_AGGRESSIVE;
				GCC_WARN_UNUSED_FUNCTION = YES;
				GCC_WARN_UNUSED_VARIABLE = YES;
				IPHONEOS_DEPLOYMENT_TARGET = 10.0;
				MTL_ENABLE_DEBUG_INFO = YES;
				ONLY_ACTIVE_ARCH = YES;
				SDKROOT = iphoneos;
				SWIFT_ACTIVE_COMPILATION_CONDITIONS = DEBUG;
				SWIFT_OPTIMIZATION_LEVEL = "-Onone";
				TARGETED_DEVICE_FAMILY = "1,2";
			};
			name = Debug;
		};
		9B8061E51E3185E6000F2C03 /* Release */ = {
			isa = XCBuildConfiguration;
			buildSettings = {
				ALWAYS_SEARCH_USER_PATHS = NO;
				CLANG_ANALYZER_NONNULL = YES;
				CLANG_CXX_LANGUAGE_STANDARD = "gnu++0x";
				CLANG_CXX_LIBRARY = "libc++";
				CLANG_ENABLE_MODULES = YES;
				CLANG_ENABLE_OBJC_ARC = YES;
				CLANG_WARN_BOOL_CONVERSION = YES;
				CLANG_WARN_CONSTANT_CONVERSION = YES;
				CLANG_WARN_DIRECT_OBJC_ISA_USAGE = YES_ERROR;
				CLANG_WARN_DOCUMENTATION_COMMENTS = YES;
				CLANG_WARN_EMPTY_BODY = YES;
				CLANG_WARN_ENUM_CONVERSION = YES;
				CLANG_WARN_INFINITE_RECURSION = YES;
				CLANG_WARN_INT_CONVERSION = YES;
				CLANG_WARN_OBJC_ROOT_CLASS = YES_ERROR;
				CLANG_WARN_SUSPICIOUS_MOVES = YES;
				CLANG_WARN_UNREACHABLE_CODE = YES;
				CLANG_WARN__DUPLICATE_METHOD_MATCH = YES;
				"CODE_SIGN_IDENTITY[sdk=iphoneos*]" = "iPhone Developer";
				COPY_PHASE_STRIP = NO;
				DEBUG_INFORMATION_FORMAT = "dwarf-with-dsym";
				ENABLE_NS_ASSERTIONS = NO;
				ENABLE_STRICT_OBJC_MSGSEND = YES;
				GCC_C_LANGUAGE_STANDARD = gnu99;
				GCC_NO_COMMON_BLOCKS = YES;
				GCC_WARN_64_TO_32_BIT_CONVERSION = YES;
				GCC_WARN_ABOUT_RETURN_TYPE = YES_ERROR;
				GCC_WARN_UNDECLARED_SELECTOR = YES;
				GCC_WARN_UNINITIALIZED_AUTOS = YES_AGGRESSIVE;
				GCC_WARN_UNUSED_FUNCTION = YES;
				GCC_WARN_UNUSED_VARIABLE = YES;
				IPHONEOS_DEPLOYMENT_TARGET = 10.0;
				MTL_ENABLE_DEBUG_INFO = NO;
				SDKROOT = iphoneos;
				SWIFT_OPTIMIZATION_LEVEL = "-Owholemodule";
				TARGETED_DEVICE_FAMILY = "1,2";
				VALIDATE_PRODUCT = YES;
			};
			name = Release;
		};
		9B8061E71E3185E6000F2C03 /* Debug */ = {
			isa = XCBuildConfiguration;
			buildSettings = {
				ASSETCATALOG_COMPILER_APPICON_NAME = AppIcon;
				DEVELOPMENT_TEAM = U3KKNJ9R5Y;
				INFOPLIST_FILE = CIExampleApp/Info.plist;
				LD_RUNPATH_SEARCH_PATHS = "$(inherited) @executable_path/Frameworks";
				PRODUCT_BUNDLE_IDENTIFIER = org.jusquici.CIExampleApp;
				PRODUCT_NAME = "$(TARGET_NAME)";
				SWIFT_VERSION = 3.0;
			};
			name = Debug;
		};
		9B8061E81E3185E6000F2C03 /* Release */ = {
			isa = XCBuildConfiguration;
			buildSettings = {
				ASSETCATALOG_COMPILER_APPICON_NAME = AppIcon;
				DEVELOPMENT_TEAM = U3KKNJ9R5Y;
				INFOPLIST_FILE = CIExampleApp/Info.plist;
				LD_RUNPATH_SEARCH_PATHS = "$(inherited) @executable_path/Frameworks";
				PRODUCT_BUNDLE_IDENTIFIER = org.jusquici.CIExampleApp;
				PRODUCT_NAME = "$(TARGET_NAME)";
				SWIFT_VERSION = 3.0;
			};
			name = Release;
		};
		9B8061EA1E3185E6000F2C03 /* Debug */ = {
			isa = XCBuildConfiguration;
			buildSettings = {
				ALWAYS_EMBED_SWIFT_STANDARD_LIBRARIES = YES;
				BUNDLE_LOADER = "$(TEST_HOST)";
				DEVELOPMENT_TEAM = U3KKNJ9R5Y;
				INFOPLIST_FILE = CIExampleAppTests/Info.plist;
				LD_RUNPATH_SEARCH_PATHS = "$(inherited) @executable_path/Frameworks @loader_path/Frameworks";
				PRODUCT_BUNDLE_IDENTIFIER = org.jusquici.CIExampleAppTests;
				PRODUCT_NAME = "$(TARGET_NAME)";
				SWIFT_VERSION = 3.0;
				TEST_HOST = "$(BUILT_PRODUCTS_DIR)/CIExampleApp.app/CIExampleApp";
			};
			name = Debug;
		};
		9B8061EB1E3185E6000F2C03 /* Release */ = {
			isa = XCBuildConfiguration;
			buildSettings = {
				ALWAYS_EMBED_SWIFT_STANDARD_LIBRARIES = YES;
				BUNDLE_LOADER = "$(TEST_HOST)";
				DEVELOPMENT_TEAM = U3KKNJ9R5Y;
				INFOPLIST_FILE = CIExampleAppTests/Info.plist;
				LD_RUNPATH_SEARCH_PATHS = "$(inherited) @executable_path/Frameworks @loader_path/Frameworks";
				PRODUCT_BUNDLE_IDENTIFIER = org.jusquici.CIExampleAppTests;
				PRODUCT_NAME = "$(TARGET_NAME)";
				SWIFT_VERSION = 3.0;
				TEST_HOST = "$(BUILT_PRODUCTS_DIR)/CIExampleApp.app/CIExampleApp";
			};
			name = Release;
		};
		9B8061ED1E3185E6000F2C03 /* Debug */ = {
			isa = XCBuildConfiguration;
			buildSettings = {
				ALWAYS_EMBED_SWIFT_STANDARD_LIBRARIES = YES;
				DEVELOPMENT_TEAM = U3KKNJ9R5Y;
				INFOPLIST_FILE = CIExampleAppUITests/Info.plist;
				LD_RUNPATH_SEARCH_PATHS = "$(inherited) @executable_path/Frameworks @loader_path/Frameworks";
				PRODUCT_BUNDLE_IDENTIFIER = org.jusquici.CIExampleAppUITests;
				PRODUCT_NAME = "$(TARGET_NAME)";
				SWIFT_VERSION = 3.0;
				TEST_TARGET_NAME = CIExampleApp;
			};
			name = Debug;
		};
		9B8061EE1E3185E6000F2C03 /* Release */ = {
			isa = XCBuildConfiguration;
			buildSettings = {
				ALWAYS_EMBED_SWIFT_STANDARD_LIBRARIES = YES;
				DEVELOPMENT_TEAM = U3KKNJ9R5Y;
				INFOPLIST_FILE = CIExampleAppUITests/Info.plist;
				LD_RUNPATH_SEARCH_PATHS = "$(inherited) @executable_path/Frameworks @loader_path/Frameworks";
				PRODUCT_BUNDLE_IDENTIFIER = org.jusquici.CIExampleAppUITests;
				PRODUCT_NAME = "$(TARGET_NAME)";
				SWIFT_VERSION = 3.0;
				TEST_TARGET_NAME = CIExampleApp;
			};
			name = Release;
		};
/* End XCBuildConfiguration section */

/* Begin XCConfigurationList section */
		9B8061B71E3185E6000F2C03 /* Build configuration list for PBXProject "CIExampleApp" */ = {
			isa = XCConfigurationList;
			buildConfigurations = (
				9B8061E41E3185E6000F2C03 /* Debug */,
				9B8061E51E3185E6000F2C03 /* Release */,
			);
			defaultConfigurationIsVisible = 0;
			defaultConfigurationName = Release;
		};
		9B8061E61E3185E6000F2C03 /* Build configuration list for PBXNativeTarget "CIExampleApp" */ = {
			isa = XCConfigurationList;
			buildConfigurations = (
				9B8061E71E3185E6000F2C03 /* Debug */,
				9B8061E81E3185E6000F2C03 /* Release */,
			);
			defaultConfigurationIsVisible = 0;
			defaultConfigurationName = Release;
		};
		9B8061E91E3185E6000F2C03 /* Build configuration list for PBXNativeTarget "CIExampleAppTests" */ = {
			isa = XCConfigurationList;
			buildConfigurations = (
				9B8061EA1E3185E6000F2C03 /* Debug */,
				9B8061EB1E3185E6000F2C03 /* Release */,
			);
			defaultConfigurationIsVisible = 0;
			defaultConfigurationName = Release;
		};
		9B8061EC1E3185E6000F2C03 /* Build configuration list for PBXNativeTarget "CIExampleAppUITests" */ = {
			isa = XCConfigurationList;
			buildConfigurations = (
				9B8061ED1E3185E6000F2C03 /* Debug */,
				9B8061EE1E3185E6000F2C03 /* Release */,
			);
			defaultConfigurationIsVisible = 0;
			defaultConfigurationName = Release;
		};
/* End XCConfigurationList section */
	};
	rootObject = 9B8061B41E3185E6000F2C03 /* Project object */;
}
